
Microsoft Visual Studio Solution File, Format Version 12.00
# Visual Studio Version 17
VisualStudioVersion = 17.12.35514.174 d17.12
MinimumVisualStudioVersion = 10.0.40219.1
Project("{FAE04EC0-301F-11D3-BF4B-00C04F79EFBC}") = "Ticket", "Ticket\Ticket.csproj", "{EFABC9A0-6AA4-496B-AE8F-B5D918FE697E}"
EndProject
Project("{FAE04EC0-301F-11D3-BF4B-00C04F79EFBC}") = "Dominio", "Dominio\Dominio.csproj", "{085A92CB-2EFE-4BFD-AF20-05CB7FD8E711}"
EndProject
Project("{FAE04EC0-301F-11D3-BF4B-00C04F79EFBC}") = "Negocio", "Negocio\Negocio.csproj", "{A7D0B898-1CBD-4D48-98A9-BCFB087F06AF}"
EndProject
Global
	GlobalSection(SolutionConfigurationPlatforms) = preSolution
		Debug|Any CPU = Debug|Any CPU
		Release|Any CPU = Release|Any CPU
	EndGlobalSection
	GlobalSection(ProjectConfigurationPlatforms) = postSolution
		{EFABC9A0-6AA4-496B-AE8F-B5D918FE697E}.Debug|Any CPU.ActiveCfg = Debug|Any CPU
		{EFABC9A0-6AA4-496B-AE8F-B5D918FE697E}.Debug|Any CPU.Build.0 = Debug|Any CPU
		{EFABC9A0-6AA4-496B-AE8F-B5D918FE697E}.Release|Any CPU.ActiveCfg = Release|Any CPU
		{EFABC9A0-6AA4-496B-AE8F-B5D918FE697E}.Release|Any CPU.Build.0 = Release|Any CPU
		{085A92CB-2EFE-4BFD-AF20-05CB7FD8E711}.Debug|Any CPU.ActiveCfg = Debug|Any CPU
		{085A92CB-2EFE-4BFD-AF20-05CB7FD8E711}.Debug|Any CPU.Build.0 = Debug|Any CPU
		{085A92CB-2EFE-4BFD-AF20-05CB7FD8E711}.Release|Any CPU.ActiveCfg = Release|Any CPU
		{085A92CB-2EFE-4BFD-AF20-05CB7FD8E711}.Release|Any CPU.Build.0 = Release|Any CPU
		{A7D0B898-1CBD-4D48-98A9-BCFB087F06AF}.Debug|Any CPU.ActiveCfg = Debug|Any CPU
		{A7D0B898-1CBD-4D48-98A9-BCFB087F06AF}.Debug|Any CPU.Build.0 = Debug|Any CPU
		{A7D0B898-1CBD-4D48-98A9-BCFB087F06AF}.Release|Any CPU.ActiveCfg = Release|Any CPU
		{A7D0B898-1CBD-4D48-98A9-BCFB087F06AF}.Release|Any CPU.Build.0 = Release|Any CPU
	EndGlobalSection
	GlobalSection(SolutionProperties) = preSolution
		HideSolutionNode = FALSE
	EndGlobalSection
EndGlobal
